// !$*UTF8*$!
{
	archiveVersion = 1;
	classes = {
	};
	objectVersion = 50;
	objects = {

/* Begin PBXBuildFile section */
		2919D15920D0ED8C0021E83C /* AppDelegate.swift in Sources */ = {isa = PBXBuildFile; fileRef = 2919D15820D0ED8C0021E83C /* AppDelegate.swift */; };
		2919D15B20D0ED8C0021E83C /* ViewController.swift in Sources */ = {isa = PBXBuildFile; fileRef = 2919D15A20D0ED8C0021E83C /* ViewController.swift */; };
		2919D15E20D0ED8C0021E83C /* Main.storyboard in Resources */ = {isa = PBXBuildFile; fileRef = 2919D15C20D0ED8C0021E83C /* Main.storyboard */; };
		2919D16020D0ED900021E83C /* Assets.xcassets in Resources */ = {isa = PBXBuildFile; fileRef = 2919D15F20D0ED900021E83C /* Assets.xcassets */; };
		2919D16320D0ED900021E83C /* LaunchScreen.storyboard in Resources */ = {isa = PBXBuildFile; fileRef = 2919D16120D0ED900021E83C /* LaunchScreen.storyboard */; };
		2919D16B20D0EE7B0021E83C /* GoogleService-Info.plist in Resources */ = {isa = PBXBuildFile; fileRef = 2919D16A20D0EE7B0021E83C /* GoogleService-Info.plist */; };
		295F1FB720D6BB4900C32343 /* RiderViewController.swift in Sources */ = {isa = PBXBuildFile; fileRef = 295F1FB620D6BB4900C32343 /* RiderViewController.swift */; };
		295F1FBF20D6FFED00C32343 /* DriverTableViewController.swift in Sources */ = {isa = PBXBuildFile; fileRef = 295F1FBE20D6FFED00C32343 /* DriverTableViewController.swift */; };
		37F25DA92FE29F02E39FB19C /* Pods_Uber.framework in Frameworks */ = {isa = PBXBuildFile; fileRef = 723FC2DA3B9BE32172113492 /* Pods_Uber.framework */; };
/* End PBXBuildFile section */

/* Begin PBXFileReference section */
		2919D15520D0ED8C0021E83C /* Uber.app */ = {isa = PBXFileReference; explicitFileType = wrapper.application; includeInIndex = 0; path = Uber.app; sourceTree = BUILT_PRODUCTS_DIR; };
		2919D15820D0ED8C0021E83C /* AppDelegate.swift */ = {isa = PBXFileReference; lastKnownFileType = sourcecode.swift; path = AppDelegate.swift; sourceTree = "<group>"; };
		2919D15A20D0ED8C0021E83C /* ViewController.swift */ = {isa = PBXFileReference; lastKnownFileType = sourcecode.swift; path = ViewController.swift; sourceTree = "<group>"; };
		2919D15D20D0ED8C0021E83C /* Base */ = {isa = PBXFileReference; lastKnownFileType = file.storyboard; name = Base; path = Base.lproj/Main.storyboard; sourceTree = "<group>"; };
		2919D15F20D0ED900021E83C /* Assets.xcassets */ = {isa = PBXFileReference; lastKnownFileType = folder.assetcatalog; path = Assets.xcassets; sourceTree = "<group>"; };
		2919D16220D0ED900021E83C /* Base */ = {isa = PBXFileReference; lastKnownFileType = file.storyboard; name = Base; path = Base.lproj/LaunchScreen.storyboard; sourceTree = "<group>"; };
		2919D16420D0ED900021E83C /* Info.plist */ = {isa = PBXFileReference; lastKnownFileType = text.plist.xml; path = Info.plist; sourceTree = "<group>"; };
		2919D16A20D0EE7B0021E83C /* GoogleService-Info.plist */ = {isa = PBXFileReference; fileEncoding = 4; lastKnownFileType = text.plist.xml; name = "GoogleService-Info.plist"; path = "../../../Downloads/GoogleService-Info.plist"; sourceTree = "<group>"; };
		295F1FB620D6BB4900C32343 /* RiderViewController.swift */ = {isa = PBXFileReference; lastKnownFileType = sourcecode.swift; path = RiderViewController.swift; sourceTree = "<group>"; };
		295F1FBE20D6FFED00C32343 /* DriverTableViewController.swift */ = {isa = PBXFileReference; lastKnownFileType = sourcecode.swift; name = DriverTableViewController.swift; path = /Users/robertjacksonjr/Desktop/Uber/Uber/DriverTableViewController.swift; sourceTree = "<absolute>"; };
		723FC2DA3B9BE32172113492 /* Pods_Uber.framework */ = {isa = PBXFileReference; explicitFileType = wrapper.framework; includeInIndex = 0; path = Pods_Uber.framework; sourceTree = BUILT_PRODUCTS_DIR; };
		B31C73D35B038BD0D001FDEE /* Pods-Uber.release.xcconfig */ = {isa = PBXFileReference; includeInIndex = 1; lastKnownFileType = text.xcconfig; name = "Pods-Uber.release.xcconfig"; path = "Pods/Target Support Files/Pods-Uber/Pods-Uber.release.xcconfig"; sourceTree = "<group>"; };
		E3E7FF03025C5B305A9E9EB6 /* Pods-Uber.debug.xcconfig */ = {isa = PBXFileReference; includeInIndex = 1; lastKnownFileType = text.xcconfig; name = "Pods-Uber.debug.xcconfig"; path = "Pods/Target Support Files/Pods-Uber/Pods-Uber.debug.xcconfig"; sourceTree = "<group>"; };
/* End PBXFileReference section */

/* Begin PBXFrameworksBuildPhase section */
		2919D15220D0ED8C0021E83C /* Frameworks */ = {
			isa = PBXFrameworksBuildPhase;
			buildActionMask = 2147483647;
			files = (
				37F25DA92FE29F02E39FB19C /* Pods_Uber.framework in Frameworks */,
			);
			runOnlyForDeploymentPostprocessing = 0;
		};
/* End PBXFrameworksBuildPhase section */

/* Begin PBXGroup section */
		2919D14C20D0ED8B0021E83C = {
			isa = PBXGroup;
			children = (
				2919D15720D0ED8C0021E83C /* Uber */,
				2919D15620D0ED8C0021E83C /* Products */,
				3443615E3EF1C0B262D20FF8 /* Pods */,
				578BFA18CB7BFE743C693904 /* Frameworks */,
			);
			sourceTree = "<group>";
		};
		2919D15620D0ED8C0021E83C /* Products */ = {
			isa = PBXGroup;
			children = (
				2919D15520D0ED8C0021E83C /* Uber.app */,
			);
			name = Products;
			sourceTree = "<group>";
		};
		2919D15720D0ED8C0021E83C /* Uber */ = {
			isa = PBXGroup;
			children = (
				2919D15820D0ED8C0021E83C /* AppDelegate.swift */,
				2919D15A20D0ED8C0021E83C /* ViewController.swift */,
				2919D15C20D0ED8C0021E83C /* Main.storyboard */,
				295F1FBE20D6FFED00C32343 /* DriverTableViewController.swift */,
				295F1FB620D6BB4900C32343 /* RiderViewController.swift */,
				2919D15F20D0ED900021E83C /* Assets.xcassets */,
				2919D16120D0ED900021E83C /* LaunchScreen.storyboard */,
				2919D16420D0ED900021E83C /* Info.plist */,
				2919D16A20D0EE7B0021E83C /* GoogleService-Info.plist */,
			);
			path = Uber;
			sourceTree = "<group>";
		};
		3443615E3EF1C0B262D20FF8 /* Pods */ = {
			isa = PBXGroup;
			children = (
				E3E7FF03025C5B305A9E9EB6 /* Pods-Uber.debug.xcconfig */,
				B31C73D35B038BD0D001FDEE /* Pods-Uber.release.xcconfig */,
			);
			name = Pods;
			sourceTree = "<group>";
		};
		578BFA18CB7BFE743C693904 /* Frameworks */ = {
			isa = PBXGroup;
			children = (
				723FC2DA3B9BE32172113492 /* Pods_Uber.framework */,
			);
			name = Frameworks;
			sourceTree = "<group>";
		};
/* End PBXGroup section */

/* Begin PBXNativeTarget section */
		2919D15420D0ED8C0021E83C /* Uber */ = {
			isa = PBXNativeTarget;
			buildConfigurationList = 2919D16720D0ED900021E83C /* Build configuration list for PBXNativeTarget "Uber" */;
			buildPhases = (
				63CD89F88A1EBF01267EB217 /* [CP] Check Pods Manifest.lock */,
				2919D15120D0ED8C0021E83C /* Sources */,
				2919D15220D0ED8C0021E83C /* Frameworks */,
				2919D15320D0ED8C0021E83C /* Resources */,
				4FFF75AB9050330C554501D2 /* [CP] Embed Pods Frameworks */,
			);
			buildRules = (
			);
			dependencies = (
			);
			name = Uber;
			productName = Uber;
			productReference = 2919D15520D0ED8C0021E83C /* Uber.app */;
			productType = "com.apple.product-type.application";
		};
/* End PBXNativeTarget section */

/* Begin PBXProject section */
		2919D14D20D0ED8B0021E83C /* Project object */ = {
			isa = PBXProject;
			attributes = {
				LastSwiftUpdateCheck = 0940;
				LastUpgradeCheck = 0940;
				ORGANIZATIONNAME = "Robert Jackson Jr";
				TargetAttributes = {
					2919D15420D0ED8C0021E83C = {
						CreatedOnToolsVersion = 9.4;
					};
				};
			};
			buildConfigurationList = 2919D15020D0ED8B0021E83C /* Build configuration list for PBXProject "Uber" */;
			compatibilityVersion = "Xcode 9.3";
			developmentRegion = en;
			hasScannedForEncodings = 0;
			knownRegions = (
				en,
				Base,
			);
			mainGroup = 2919D14C20D0ED8B0021E83C;
			productRefGroup = 2919D15620D0ED8C0021E83C /* Products */;
			projectDirPath = "";
			projectRoot = "";
			targets = (
				2919D15420D0ED8C0021E83C /* Uber */,
			);
		};
/* End PBXProject section */

/* Begin PBXResourcesBuildPhase section */
		2919D15320D0ED8C0021E83C /* Resources */ = {
			isa = PBXResourcesBuildPhase;
			buildActionMask = 2147483647;
			files = (
				2919D16320D0ED900021E83C /* LaunchScreen.storyboard in Resources */,
				2919D16B20D0EE7B0021E83C /* GoogleService-Info.plist in Resources */,
				2919D16020D0ED900021E83C /* Assets.xcassets in Resources */,
				2919D15E20D0ED8C0021E83C /* Main.storyboard in Resources */,
			);
			runOnlyForDeploymentPostprocessing = 0;
		};
/* End PBXResourcesBuildPhase section */

/* Begin PBXShellScriptBuildPhase section */
		4FFF75AB9050330C554501D2 /* [CP] Embed Pods Frameworks */ = {
			isa = PBXShellScriptBuildPhase;
			buildActionMask = 2147483647;
			files = (
			);
			inputPaths = (
				"${SRCROOT}/Pods/Target Support Files/Pods-Uber/Pods-Uber-frameworks.sh",
				"${BUILT_PRODUCTS_DIR}/GTMSessionFetcher/GTMSessionFetcher.framework",
				"${BUILT_PRODUCTS_DIR}/GoogleToolboxForMac/GoogleToolboxForMac.framework",
				"${BUILT_PRODUCTS_DIR}/leveldb-library/leveldb.framework",
				"${BUILT_PRODUCTS_DIR}/nanopb/nanopb.framework",
			);
			name = "[CP] Embed Pods Frameworks";
			outputPaths = (
				"${TARGET_BUILD_DIR}/${FRAMEWORKS_FOLDER_PATH}/GTMSessionFetcher.framework",
				"${TARGET_BUILD_DIR}/${FRAMEWORKS_FOLDER_PATH}/GoogleToolboxForMac.framework",
				"${TARGET_BUILD_DIR}/${FRAMEWORKS_FOLDER_PATH}/leveldb.framework",
				"${TARGET_BUILD_DIR}/${FRAMEWORKS_FOLDER_PATH}/nanopb.framework",
			);
			runOnlyForDeploymentPostprocessing = 0;
			shellPath = /bin/sh;
			shellScript = "\"${SRCROOT}/Pods/Target Support Files/Pods-Uber/Pods-Uber-frameworks.sh\"\n";
			showEnvVarsInLog = 0;
		};
		63CD89F88A1EBF01267EB217 /* [CP] Check Pods Manifest.lock */ = {
			isa = PBXShellScriptBuildPhase;
			buildActionMask = 2147483647;
			files = (
			);
			inputPaths = (
				"${PODS_PODFILE_DIR_PATH}/Podfile.lock",
				"${PODS_ROOT}/Manifest.lock",
			);
			name = "[CP] Check Pods Manifest.lock";
			outputPaths = (
				"$(DERIVED_FILE_DIR)/Pods-Uber-checkManifestLockResult.txt",
			);
			runOnlyForDeploymentPostprocessing = 0;
			shellPath = /bin/sh;
			shellScript = "diff \"${PODS_PODFILE_DIR_PATH}/Podfile.lock\" \"${PODS_ROOT}/Manifest.lock\" > /dev/null\nif [ $? != 0 ] ; then\n    # print error to STDERR\n    echo \"error: The sandbox is not in sync with the Podfile.lock. Run 'pod install' or update your CocoaPods installation.\" >&2\n    exit 1\nfi\n# This output is used by Xcode 'outputs' to avoid re-running this script phase.\necho \"SUCCESS\" > \"${SCRIPT_OUTPUT_FILE_0}\"\n";
			showEnvVarsInLog = 0;
		};
/* End PBXShellScriptBuildPhase section */

/* Begin PBXSourcesBuildPhase section */
		2919D15120D0ED8C0021E83C /* Sources */ = {
			isa = PBXSourcesBuildPhase;
			buildActionMask = 2147483647;
			files = (
				2919D15B20D0ED8C0021E83C /* ViewController.swift in Sources */,
				295F1FBF20D6FFED00C32343 /* DriverTableViewController.swift in Sources */,
				295F1FB720D6BB4900C32343 /* RiderViewController.swift in Sources */,
				2919D15920D0ED8C0021E83C /* AppDelegate.swift in Sources */,
			);
			runOnlyForDeploymentPostprocessing = 0;
		};
/* End PBXSourcesBuildPhase section */

/* Begin PBXVariantGroup section */
		2919D15C20D0ED8C0021E83C /* Main.storyboard */ = {
			isa = PBXVariantGroup;
			children = (
				2919D15D20D0ED8C0021E83C /* Base */,
			);
			name = Main.storyboard;
			sourceTree = "<group>";
		};
		2919D16120D0ED900021E83C /* LaunchScreen.storyboard */ = {
			isa = PBXVariantGroup;
			children = (
				2919D16220D0ED900021E83C /* Base */,
			);
			name = LaunchScreen.storyboard;
			sourceTree = "<group>";
		};
/* End PBXVariantGroup section */

/* Begin XCBuildConfiguration section */
		2919D16520D0ED900021E83C /* Debug */ = {
			isa = XCBuildConfiguration;
			buildSettings = {
				ALWAYS_SEARCH_USER_PATHS = NO;
				CLANG_ANALYZER_NONNULL = YES;
				CLANG_ANALYZER_NUMBER_OBJECT_CONVERSION = YES_AGGRESSIVE;
				CLANG_CXX_LANGUAGE_STANDARD = "gnu++14";
				CLANG_CXX_LIBRARY = "libc++";
				CLANG_ENABLE_MODULES = YES;
				CLANG_ENABLE_OBJC_ARC = YES;
				CLANG_ENABLE_OBJC_WEAK = YES;
				CLANG_WARN_BLOCK_CAPTURE_AUTORELEASING = YES;
				CLANG_WARN_BOOL_CONVERSION = YES;
				CLANG_WARN_COMMA = YES;
				CLANG_WARN_CONSTANT_CONVERSION = YES;
				CLANG_WARN_DEPRECATED_OBJC_IMPLEMENTATIONS = YES;
				CLANG_WARN_DIRECT_OBJC_ISA_USAGE = YES_ERROR;
				CLANG_WARN_DOCUMENTATION_COMMENTS = YES;
				CLANG_WARN_EMPTY_BODY = YES;
				CLANG_WARN_ENUM_CONVERSION = YES;
				CLANG_WARN_INFINITE_RECURSION = YES;
				CLANG_WARN_INT_CONVERSION = YES;
				CLANG_WARN_NON_LITERAL_NULL_CONVERSION = YES;
				CLANG_WARN_OBJC_IMPLICIT_RETAIN_SELF = YES;
				CLANG_WARN_OBJC_LITERAL_CONVERSION = YES;
				CLANG_WARN_OBJC_ROOT_CLASS = YES_ERROR;
				CLANG_WARN_RANGE_LOOP_ANALYSIS = YES;
				CLANG_WARN_STRICT_PROTOTYPES = YES;
				CLANG_WARN_SUSPICIOUS_MOVE = YES;
				CLANG_WARN_UNGUARDED_AVAILABILITY = YES_AGGRESSIVE;
				CLANG_WARN_UNREACHABLE_CODE = YES;
				CLANG_WARN__DUPLICATE_METHOD_MATCH = YES;
				CODE_SIGN_IDENTITY = "iPhone Developer";
				COPY_PHASE_STRIP = NO;
				DEBUG_INFORMATION_FORMAT = dwarf;
				ENABLE_STRICT_OBJC_MSGSEND = YES;
				ENABLE_TESTABILITY = YES;
				GCC_C_LANGUAGE_STANDARD = gnu11;
				GCC_DYNAMIC_NO_PIC = NO;
				GCC_NO_COMMON_BLOCKS = YES;
				GCC_OPTIMIZATION_LEVEL = 0;
				GCC_PREPROCESSOR_DEFINITIONS = (
					"DEBUG=1",
					"$(inherited)",
				);
				GCC_WARN_64_TO_32_BIT_CONVERSION = YES;
				GCC_WARN_ABOUT_RETURN_TYPE = YES_ERROR;
				GCC_WARN_UNDECLARED_SELECTOR = YES;
				GCC_WARN_UNINITIALIZED_AUTOS = YES_AGGRESSIVE;
				GCC_WARN_UNUSED_FUNCTION = YES;
				GCC_WARN_UNUSED_VARIABLE = YES;
				IPHONEOS_DEPLOYMENT_TARGET = 11.4;
				MTL_ENABLE_DEBUG_INFO = YES;
				ONLY_ACTIVE_ARCH = YES;
				SDKROOT = iphoneos;
				SWIFT_ACTIVE_COMPILATION_CONDITIONS = DEBUG;
				SWIFT_OPTIMIZATION_LEVEL = "-Onone";
			};
			name = Debug;
		};
		2919D16620D0ED900021E83C /* Release */ = {
			isa = XCBuildConfiguration;
			buildSettings = {
				ALWAYS_SEARCH_USER_PATHS = NO;
				CLANG_ANALYZER_NONNULL = YES;
				CLANG_ANALYZER_NUMBER_OBJECT_CONVERSION = YES_AGGRESSIVE;
				CLANG_CXX_LANGUAGE_STANDARD = "gnu++14";
				CLANG_CXX_LIBRARY = "libc++";
				CLANG_ENABLE_MODULES = YES;
				CLANG_ENABLE_OBJC_ARC = YES;
				CLANG_ENABLE_OBJC_WEAK = YES;
				CLANG_WARN_BLOCK_CAPTURE_AUTORELEASING = YES;
				CLANG_WARN_BOOL_CONVERSION = YES;
				CLANG_WARN_COMMA = YES;
				CLANG_WARN_CONSTANT_CONVERSION = YES;
				CLANG_WARN_DEPRECATED_OBJC_IMPLEMENTATIONS = YES;
				CLANG_WARN_DIRECT_OBJC_ISA_USAGE = YES_ERROR;
				CLANG_WARN_DOCUMENTATION_COMMENTS = YES;
				CLANG_WARN_EMPTY_BODY = YES;
				CLANG_WARN_ENUM_CONVERSION = YES;
				CLANG_WARN_INFINITE_RECURSION = YES;
				CLANG_WARN_INT_CONVERSION = YES;
				CLANG_WARN_NON_LITERAL_NULL_CONVERSION = YES;
				CLANG_WARN_OBJC_IMPLICIT_RETAIN_SELF = YES;
				CLANG_WARN_OBJC_LITERAL_CONVERSION = YES;
				CLANG_WARN_OBJC_ROOT_CLASS = YES_ERROR;
				CLANG_WARN_RANGE_LOOP_ANALYSIS = YES;
				CLANG_WARN_STRICT_PROTOTYPES = YES;
				CLANG_WARN_SUSPICIOUS_MOVE = YES;
				CLANG_WARN_UNGUARDED_AVAILABILITY = YES_AGGRESSIVE;
				CLANG_WARN_UNREACHABLE_CODE = YES;
				CLANG_WARN__DUPLICATE_METHOD_MATCH = YES;
				CODE_SIGN_IDENTITY = "iPhone Developer";
				COPY_PHASE_STRIP = NO;
				DEBUG_INFORMATION_FORMAT = "dwarf-with-dsym";
				ENABLE_NS_ASSERTIONS = NO;
				ENABLE_STRICT_OBJC_MSGSEND = YES;
				GCC_C_LANGUAGE_STANDARD = gnu11;
				GCC_NO_COMMON_BLOCKS = YES;
				GCC_WARN_64_TO_32_BIT_CONVERSION = YES;
				GCC_WARN_ABOUT_RETURN_TYPE = YES_ERROR;
				GCC_WARN_UNDECLARED_SELECTOR = YES;
				GCC_WARN_UNINITIALIZED_AUTOS = YES_AGGRESSIVE;
				GCC_WARN_UNUSED_FUNCTION = YES;
				GCC_WARN_UNUSED_VARIABLE = YES;
				IPHONEOS_DEPLOYMENT_TARGET = 11.4;
				MTL_ENABLE_DEBUG_INFO = NO;
				SDKROOT = iphoneos;
				SWIFT_COMPILATION_MODE = wholemodule;
				SWIFT_OPTIMIZATION_LEVEL = "-O";
				VALIDATE_PRODUCT = YES;
			};
			name = Release;
		};
		2919D16820D0ED900021E83C /* Debug */ = {
			isa = XCBuildConfiguration;
			baseConfigurationReference = E3E7FF03025C5B305A9E9EB6 /* Pods-Uber.debug.xcconfig */;
			buildSettings = {
				ASSETCATALOG_COMPILER_APPICON_NAME = AppIcon;
				CODE_SIGN_STYLE = Automatic;
				DEVELOPMENT_TEAM = YL8GHRUU55;
				INFOPLIST_FILE = Uber/Info.plist;
				LD_RUNPATH_SEARCH_PATHS = (
					"$(inherited)",
					"@executable_path/Frameworks",
				);
				PRODUCT_BUNDLE_IDENTIFIER = com.robertjacksonjr.Uber;
				PRODUCT_NAME = "$(TARGET_NAME)";
				SWIFT_VERSION = 4.0;
				TARGETED_DEVICE_FAMILY = "1,2";
			};
			name = Debug;
		};
		2919D16920D0ED900021E83C /* Release */ = {
			isa = XCBuildConfiguration;
			baseConfigurationReference = B31C73D35B038BD0D001FDEE /* Pods-Uber.release.xcconfig */;
			buildSettings = {
				ASSETCATALOG_COMPILER_APPICON_NAME = AppIcon;
				CODE_SIGN_STYLE = Automatic;
				DEVELOPMENT_TEAM = YL8GHRUU55;
				INFOPLIST_FILE = Uber/Info.plist;
				LD_RUNPATH_SEARCH_PATHS = (
					"$(inherited)",
					"@executable_path/Frameworks",
				);
				PRODUCT_BUNDLE_IDENTIFIER = com.robertjacksonjr.Uber;
				PRODUCT_NAME = "$(TARGET_NAME)";
				SWIFT_VERSION = 4.0;
				TARGETED_DEVICE_FAMILY = "1,2";
			};
			name = Release;
		};
/* End XCBuildConfiguration section */

/* Begin XCConfigurationList section */
		2919D15020D0ED8B0021E83C /* Build configuration list for PBXProject "Uber" */ = {
			isa = XCConfigurationList;
			buildConfigurations = (
				2919D16520D0ED900021E83C /* Debug */,
				2919D16620D0ED900021E83C /* Release */,
			);
			defaultConfigurationIsVisible = 0;
			defaultConfigurationName = Release;
		};
		2919D16720D0ED900021E83C /* Build configuration list for PBXNativeTarget "Uber" */ = {
			isa = XCConfigurationList;
			buildConfigurations = (
				2919D16820D0ED900021E83C /* Debug */,
				2919D16920D0ED900021E83C /* Release */,
			);
			defaultConfigurationIsVisible = 0;
			defaultConfigurationName = Release;
		};
/* End XCConfigurationList section */
	};
	rootObject = 2919D14D20D0ED8B0021E83C /* Project object */;
}
